{
  "version": 4,
  "terraform_version": "1.6.6",
  "serial": 50,
  "lineage": "619b4ca1-411a-58ed-19fc-847cd55ed7da",
  "outputs": {},
  "resources": [
    {
      "mode": "managed",
      "type": "google_compute_firewall",
      "name": "allow_http_https",
      "provider": "provider[\"registry.terraform.io/hashicorp/google\"]",
      "instances": [
        {
          "schema_version": 1,
          "attributes": {
            "allow": [
              {
                "ports": [
                  "80",
                  "443",
                  "3306"
                ],
                "protocol": "tcp"
              }
            ],
            "creation_timestamp": "2024-01-13T21:05:54.333-08:00",
            "deny": [],
            "description": "",
            "destination_ranges": [],
            "direction": "INGRESS",
            "disabled": false,
            "enable_logging": null,
            "id": "projects/ariadi-trusted-device/global/firewalls/allow-http-https",
            "log_config": [],
            "name": "allow-http-https",
            "network": "https://www.googleapis.com/compute/v1/projects/ariadi-trusted-device/global/networks/default",
            "priority": 1000,
            "project": "ariadi-trusted-device",
            "self_link": "https://www.googleapis.com/compute/v1/projects/ariadi-trusted-device/global/firewalls/allow-http-https",
            "source_ranges": [
              "0.0.0.0/0"
            ],
            "source_service_accounts": [],
            "source_tags": [],
            "target_service_accounts": [],
            "target_tags": [
              "http-server"
            ],
            "timeouts": null
          },
          "sensitive_attributes": [],
          "private": "eyJlMmJmYjczMC1lY2FhLTExZTYtOGY4OC0zNDM2M2JjN2M0YzAiOnsiY3JlYXRlIjoxMjAwMDAwMDAwMDAwLCJkZWxldGUiOjEyMDAwMDAwMDAwMDAsInVwZGF0ZSI6MTIwMDAwMDAwMDAwMH0sInNjaGVtYV92ZXJzaW9uIjoiMSJ9"
        }
      ]
    },
    {
      "mode": "managed",
      "type": "google_compute_instance",
      "name": "vm_instance_four",
      "provider": "provider[\"registry.terraform.io/hashicorp/google\"]",
      "instances": [
        {
          "schema_version": 6,
          "attributes": {
            "advanced_machine_features": [],
            "allow_stopping_for_update": false,
            "attached_disk": [],
            "boot_disk": [
              {
                "auto_delete": true,
                "device_name": "persistent-disk-0",
                "disk_encryption_key_raw": "",
                "disk_encryption_key_sha256": "",
                "initialize_params": [
                  {
                    "image": "https://www.googleapis.com/compute/v1/projects/ubuntu-os-cloud/global/images/ubuntu-2004-focal-v20240110",
                    "labels": {},
                    "provisioned_iops": 0,
                    "provisioned_throughput": 0,
                    "resource_manager_tags": {},
                    "size": 10,
                    "type": "pd-standard"
                  }
                ],
                "kms_key_self_link": "",
                "mode": "READ_WRITE",
                "source": "https://www.googleapis.com/compute/v1/projects/ariadi-trusted-device/zones/us-central1-a/disks/instance-four"
              }
            ],
            "can_ip_forward": false,
            "confidential_instance_config": [],
            "cpu_platform": "Unknown CPU Platform",
            "current_status": "TERMINATED",
            "deletion_protection": false,
            "description": "",
            "desired_status": null,
            "effective_labels": {},
            "enable_display": false,
            "guest_accelerator": [],
            "hostname": "",
            "id": "projects/ariadi-trusted-device/zones/us-central1-a/instances/instance-four",
            "instance_id": "140322288415205182",
            "label_fingerprint": "42WmSpB8rSM=",
            "labels": {},
            "machine_type": "e2-micro",
            "metadata": {
              "ssh-keys": "ariadi_ahmadd:ssh-rsa AAAAB3NzaC1yc2EAAAADAQABAAABgQCy5Cnn7ITdMXq4EgBfo/lvg0DGsm0TOyLm8phNwc/0XpQh55Vy6AKsBjCvmSZ1K0CT1AFXlFKrsg50UN2GD3VCM541v/9TEawf6UQMoxVZcBT7H5drS3I3wCUOpl51fH2Y3d8s5zBGRppG2k4XCG5xuLtp6FqNQeV9iCtcdbfKzKCpyIG+Wh/xBxoV76OvWSFwD9Dl/pJgwktunQ6RULEAJATeKpnK73jgwzDD+PG0Q3obMWUW/9LG3gjEgFjyRDMridJ/YBCJzEhAg+iw2GmIz8O1kQHgbB86/mge/WMyiUaJGA9eIEP7y9bDlf5bIXC3EOfcI9fV6aBoP4y7/WK9N/0bfF8pV1LBq98A/MUjkKst8ll+KZbMQ3UGaYRr3pqmvVHpA1kqIS8AZ4SzTmpvpspfbXK+O9Vu2Nx3KcFNGXqNowPEG8URedIoPSxkqB1Ctir1Oa4h68s0KYtyqnYY+uA5+KU4GO07GFUwZz3oOMY7kqprKAgJOgSSXgf3ooM= ariadi4689@LAPTOP-9RP6T496\n"
            },
            "metadata_fingerprint": "tReLj45KQjI=",
            "metadata_startup_script": null,
            "min_cpu_platform": "",
            "name": "instance-four",
            "network_interface": [
              {
                "access_config": [
                  {
                    "nat_ip": "",
                    "network_tier": "PREMIUM",
                    "public_ptr_domain_name": ""
                  }
                ],
                "alias_ip_range": [],
                "internal_ipv6_prefix_length": 0,
                "ipv6_access_config": [],
                "ipv6_access_type": "",
                "ipv6_address": "",
                "name": "nic0",
                "network": "https://www.googleapis.com/compute/v1/projects/ariadi-trusted-device/global/networks/default",
                "network_ip": "10.128.0.47",
                "nic_type": "",
                "queue_count": 0,
                "stack_type": "IPV4_ONLY",
                "subnetwork": "https://www.googleapis.com/compute/v1/projects/ariadi-trusted-device/regions/us-central1/subnetworks/default",
                "subnetwork_project": "ariadi-trusted-device"
              }
            ],
            "network_performance_config": [],
            "params": [],
            "project": "ariadi-trusted-device",
            "reservation_affinity": [],
            "resource_policies": [],
            "scheduling": [
              {
                "automatic_restart": true,
                "instance_termination_action": "",
                "local_ssd_recovery_timeout": [],
                "min_node_cpus": 0,
                "node_affinities": [],
                "on_host_maintenance": "MIGRATE",
                "preemptible": false,
                "provisioning_model": "STANDARD"
              }
            ],
            "scratch_disk": [],
            "self_link": "https://www.googleapis.com/compute/v1/projects/ariadi-trusted-device/zones/us-central1-a/instances/instance-four",
            "service_account": [],
            "shielded_instance_config": [
              {
                "enable_integrity_monitoring": true,
                "enable_secure_boot": false,
                "enable_vtpm": true
              }
            ],
            "tags": [
              "http-server"
            ],
            "tags_fingerprint": "FYLDgkTKlA4=",
            "terraform_labels": {},
            "timeouts": null,
            "zone": "us-central1-a"
          },
          "sensitive_attributes": [],
          "private": "eyJlMmJmYjczMC1lY2FhLTExZTYtOGY4OC0zNDM2M2JjN2M0YzAiOnsiY3JlYXRlIjoxMjAwMDAwMDAwMDAwLCJkZWxldGUiOjEyMDAwMDAwMDAwMDAsInVwZGF0ZSI6MTIwMDAwMDAwMDAwMH0sInNjaGVtYV92ZXJzaW9uIjoiNiJ9"
        }
      ]
    },
    {
      "mode": "managed",
      "type": "google_compute_instance",
      "name": "vm_instance_one",
      "provider": "provider[\"registry.terraform.io/hashicorp/google\"]",
      "instances": [
        {
          "schema_version": 6,
          "attributes": {
            "advanced_machine_features": [],
            "allow_stopping_for_update": false,
            "attached_disk": [],
            "boot_disk": [
              {
                "auto_delete": true,
                "device_name": "persistent-disk-0",
                "disk_encryption_key_raw": "",
                "disk_encryption_key_sha256": "",
                "initialize_params": [
                  {
                    "image": "https://www.googleapis.com/compute/v1/projects/ubuntu-os-cloud/global/images/ubuntu-2004-focal-v20240110",
                    "labels": {},
                    "provisioned_iops": 0,
                    "provisioned_throughput": 0,
                    "resource_manager_tags": {},
                    "size": 10,
                    "type": "pd-standard"
                  }
                ],
                "kms_key_self_link": "",
                "mode": "READ_WRITE",
                "source": "https://www.googleapis.com/compute/v1/projects/ariadi-trusted-device/zones/us-central1-a/disks/instance-one"
              }
            ],
            "can_ip_forward": false,
            "confidential_instance_config": [],
            "cpu_platform": "Unknown CPU Platform",
            "current_status": "TERMINATED",
            "deletion_protection": false,
            "description": "",
            "desired_status": null,
            "effective_labels": {},
            "enable_display": false,
            "guest_accelerator": [],
            "hostname": "",
            "id": "projects/ariadi-trusted-device/zones/us-central1-a/instances/instance-one",
            "instance_id": "1782205182353794879",
            "label_fingerprint": "42WmSpB8rSM=",
            "labels": {},
            "machine_type": "e2-micro",
            "metadata": {
              "ssh-keys": "ariadi_ahmadd:ssh-rsa AAAAB3NzaC1yc2EAAAADAQABAAABgQCy5Cnn7ITdMXq4EgBfo/lvg0DGsm0TOyLm8phNwc/0XpQh55Vy6AKsBjCvmSZ1K0CT1AFXlFKrsg50UN2GD3VCM541v/9TEawf6UQMoxVZcBT7H5drS3I3wCUOpl51fH2Y3d8s5zBGRppG2k4XCG5xuLtp6FqNQeV9iCtcdbfKzKCpyIG+Wh/xBxoV76OvWSFwD9Dl/pJgwktunQ6RULEAJATeKpnK73jgwzDD+PG0Q3obMWUW/9LG3gjEgFjyRDMridJ/YBCJzEhAg+iw2GmIz8O1kQHgbB86/mge/WMyiUaJGA9eIEP7y9bDlf5bIXC3EOfcI9fV6aBoP4y7/WK9N/0bfF8pV1LBq98A/MUjkKst8ll+KZbMQ3UGaYRr3pqmvVHpA1kqIS8AZ4SzTmpvpspfbXK+O9Vu2Nx3KcFNGXqNowPEG8URedIoPSxkqB1Ctir1Oa4h68s0KYtyqnYY+uA5+KU4GO07GFUwZz3oOMY7kqprKAgJOgSSXgf3ooM= ariadi4689@LAPTOP-9RP6T496\n"
            },
            "metadata_fingerprint": "tReLj45KQjI=",
            "metadata_startup_script": null,
            "min_cpu_platform": "",
            "name": "instance-one",
            "network_interface": [
              {
                "access_config": [
                  {
                    "nat_ip": "",
                    "network_tier": "PREMIUM",
                    "public_ptr_domain_name": ""
                  }
                ],
                "alias_ip_range": [],
                "internal_ipv6_prefix_length": 0,
                "ipv6_access_config": [],
                "ipv6_access_type": "",
                "ipv6_address": "",
                "name": "nic0",
                "network": "https://www.googleapis.com/compute/v1/projects/ariadi-trusted-device/global/networks/default",
                "network_ip": "10.128.0.48",
                "nic_type": "",
                "queue_count": 0,
                "stack_type": "IPV4_ONLY",
                "subnetwork": "https://www.googleapis.com/compute/v1/projects/ariadi-trusted-device/regions/us-central1/subnetworks/default",
                "subnetwork_project": "ariadi-trusted-device"
              }
            ],
            "network_performance_config": [],
            "params": [],
            "project": "ariadi-trusted-device",
            "reservation_affinity": [],
            "resource_policies": [],
            "scheduling": [
              {
                "automatic_restart": true,
                "instance_termination_action": "",
                "local_ssd_recovery_timeout": [],
                "min_node_cpus": 0,
                "node_affinities": [],
                "on_host_maintenance": "MIGRATE",
                "preemptible": false,
                "provisioning_model": "STANDARD"
              }
            ],
            "scratch_disk": [],
            "self_link": "https://www.googleapis.com/compute/v1/projects/ariadi-trusted-device/zones/us-central1-a/instances/instance-one",
            "service_account": [],
            "shielded_instance_config": [
              {
                "enable_integrity_monitoring": true,
                "enable_secure_boot": false,
                "enable_vtpm": true
              }
            ],
            "tags": [
              "http-server"
            ],
            "tags_fingerprint": "FYLDgkTKlA4=",
            "terraform_labels": {},
            "timeouts": null,
            "zone": "us-central1-a"
          },
          "sensitive_attributes": [],
          "private": "eyJlMmJmYjczMC1lY2FhLTExZTYtOGY4OC0zNDM2M2JjN2M0YzAiOnsiY3JlYXRlIjoxMjAwMDAwMDAwMDAwLCJkZWxldGUiOjEyMDAwMDAwMDAwMDAsInVwZGF0ZSI6MTIwMDAwMDAwMDAwMH0sInNjaGVtYV92ZXJzaW9uIjoiNiJ9"
        }
      ]
    },
    {
      "mode": "managed",
      "type": "google_compute_instance",
      "name": "vm_instance_three",
      "provider": "provider[\"registry.terraform.io/hashicorp/google\"]",
      "instances": [
        {
          "schema_version": 6,
          "attributes": {
            "advanced_machine_features": [],
            "allow_stopping_for_update": false,
            "attached_disk": [],
            "boot_disk": [
              {
                "auto_delete": true,
                "device_name": "persistent-disk-0",
                "disk_encryption_key_raw": "",
                "disk_encryption_key_sha256": "",
                "initialize_params": [
                  {
                    "image": "https://www.googleapis.com/compute/v1/projects/ubuntu-os-cloud/global/images/ubuntu-2004-focal-v20240110",
                    "labels": {},
                    "provisioned_iops": 0,
                    "provisioned_throughput": 0,
                    "resource_manager_tags": {},
                    "size": 10,
                    "type": "pd-standard"
                  }
                ],
                "kms_key_self_link": "",
                "mode": "READ_WRITE",
                "source": "https://www.googleapis.com/compute/v1/projects/ariadi-trusted-device/zones/us-central1-a/disks/instance-three"
              }
            ],
            "can_ip_forward": false,
            "confidential_instance_config": [],
            "cpu_platform": "Unknown CPU Platform",
            "current_status": "TERMINATED",
            "deletion_protection": false,
            "description": "",
            "desired_status": null,
            "effective_labels": {},
            "enable_display": false,
            "guest_accelerator": [],
            "hostname": "",
            "id": "projects/ariadi-trusted-device/zones/us-central1-a/instances/instance-three",
            "instance_id": "5563883243206272830",
            "label_fingerprint": "42WmSpB8rSM=",
            "labels": {},
            "machine_type": "e2-micro",
            "metadata": {
              "ssh-keys": "ariadi_ahmadd:ssh-rsa AAAAB3NzaC1yc2EAAAADAQABAAABgQCy5Cnn7ITdMXq4EgBfo/lvg0DGsm0TOyLm8phNwc/0XpQh55Vy6AKsBjCvmSZ1K0CT1AFXlFKrsg50UN2GD3VCM541v/9TEawf6UQMoxVZcBT7H5drS3I3wCUOpl51fH2Y3d8s5zBGRppG2k4XCG5xuLtp6FqNQeV9iCtcdbfKzKCpyIG+Wh/xBxoV76OvWSFwD9Dl/pJgwktunQ6RULEAJATeKpnK73jgwzDD+PG0Q3obMWUW/9LG3gjEgFjyRDMridJ/YBCJzEhAg+iw2GmIz8O1kQHgbB86/mge/WMyiUaJGA9eIEP7y9bDlf5bIXC3EOfcI9fV6aBoP4y7/WK9N/0bfF8pV1LBq98A/MUjkKst8ll+KZbMQ3UGaYRr3pqmvVHpA1kqIS8AZ4SzTmpvpspfbXK+O9Vu2Nx3KcFNGXqNowPEG8URedIoPSxkqB1Ctir1Oa4h68s0KYtyqnYY+uA5+KU4GO07GFUwZz3oOMY7kqprKAgJOgSSXgf3ooM= ariadi4689@LAPTOP-9RP6T496\n"
            },
            "metadata_fingerprint": "tReLj45KQjI=",
            "metadata_startup_script": null,
            "min_cpu_platform": "",
            "name": "instance-three",
            "network_interface": [
              {
                "access_config": [
                  {
                    "nat_ip": "",
                    "network_tier": "PREMIUM",
                    "public_ptr_domain_name": ""
                  }
                ],
                "alias_ip_range": [],
                "internal_ipv6_prefix_length": 0,
                "ipv6_access_config": [],
                "ipv6_access_type": "",
                "ipv6_address": "",
                "name": "nic0",
                "network": "https://www.googleapis.com/compute/v1/projects/ariadi-trusted-device/global/networks/default",
                "network_ip": "10.128.0.46",
                "nic_type": "",
                "queue_count": 0,
                "stack_type": "IPV4_ONLY",
                "subnetwork": "https://www.googleapis.com/compute/v1/projects/ariadi-trusted-device/regions/us-central1/subnetworks/default",
                "subnetwork_project": "ariadi-trusted-device"
              }
            ],
            "network_performance_config": [],
            "params": [],
            "project": "ariadi-trusted-device",
            "reservation_affinity": [],
            "resource_policies": [],
            "scheduling": [
              {
                "automatic_restart": true,
                "instance_termination_action": "",
                "local_ssd_recovery_timeout": [],
                "min_node_cpus": 0,
                "node_affinities": [],
                "on_host_maintenance": "MIGRATE",
                "preemptible": false,
                "provisioning_model": "STANDARD"
              }
            ],
            "scratch_disk": [],
            "self_link": "https://www.googleapis.com/compute/v1/projects/ariadi-trusted-device/zones/us-central1-a/instances/instance-three",
            "service_account": [],
            "shielded_instance_config": [
              {
                "enable_integrity_monitoring": true,
                "enable_secure_boot": false,
                "enable_vtpm": true
              }
            ],
            "tags": [
              "http-server"
            ],
            "tags_fingerprint": "FYLDgkTKlA4=",
            "terraform_labels": {},
            "timeouts": null,
            "zone": "us-central1-a"
          },
          "sensitive_attributes": [],
          "private": "eyJlMmJmYjczMC1lY2FhLTExZTYtOGY4OC0zNDM2M2JjN2M0YzAiOnsiY3JlYXRlIjoxMjAwMDAwMDAwMDAwLCJkZWxldGUiOjEyMDAwMDAwMDAwMDAsInVwZGF0ZSI6MTIwMDAwMDAwMDAwMH0sInNjaGVtYV92ZXJzaW9uIjoiNiJ9"
        }
      ]
    },
    {
      "mode": "managed",
      "type": "google_compute_instance",
      "name": "vm_instance_two",
      "provider": "provider[\"registry.terraform.io/hashicorp/google\"]",
      "instances": [
        {
          "schema_version": 6,
          "attributes": {
            "advanced_machine_features": [],
            "allow_stopping_for_update": false,
            "attached_disk": [],
            "boot_disk": [
              {
                "auto_delete": true,
                "device_name": "persistent-disk-0",
                "disk_encryption_key_raw": "",
                "disk_encryption_key_sha256": "",
                "initialize_params": [
                  {
                    "image": "https://www.googleapis.com/compute/v1/projects/ubuntu-os-cloud/global/images/ubuntu-2004-focal-v20240110",
                    "labels": {},
                    "provisioned_iops": 0,
                    "provisioned_throughput": 0,
                    "resource_manager_tags": {},
                    "size": 10,
                    "type": "pd-standard"
                  }
                ],
                "kms_key_self_link": "",
                "mode": "READ_WRITE",
                "source": "https://www.googleapis.com/compute/v1/projects/ariadi-trusted-device/zones/us-central1-a/disks/instance-two"
              }
            ],
            "can_ip_forward": false,
            "confidential_instance_config": [],
            "cpu_platform": "Unknown CPU Platform",
            "current_status": "TERMINATED",
            "deletion_protection": false,
            "description": "",
            "desired_status": null,
            "effective_labels": {},
            "enable_display": false,
            "guest_accelerator": [],
            "hostname": "",
            "id": "projects/ariadi-trusted-device/zones/us-central1-a/instances/instance-two",
            "instance_id": "2549182197052401470",
            "label_fingerprint": "42WmSpB8rSM=",
            "labels": {},
            "machine_type": "e2-micro",
            "metadata": {
              "ssh-keys": "ariadi_ahmadd:ssh-rsa AAAAB3NzaC1yc2EAAAADAQABAAABgQCy5Cnn7ITdMXq4EgBfo/lvg0DGsm0TOyLm8phNwc/0XpQh55Vy6AKsBjCvmSZ1K0CT1AFXlFKrsg50UN2GD3VCM541v/9TEawf6UQMoxVZcBT7H5drS3I3wCUOpl51fH2Y3d8s5zBGRppG2k4XCG5xuLtp6FqNQeV9iCtcdbfKzKCpyIG+Wh/xBxoV76OvWSFwD9Dl/pJgwktunQ6RULEAJATeKpnK73jgwzDD+PG0Q3obMWUW/9LG3gjEgFjyRDMridJ/YBCJzEhAg+iw2GmIz8O1kQHgbB86/mge/WMyiUaJGA9eIEP7y9bDlf5bIXC3EOfcI9fV6aBoP4y7/WK9N/0bfF8pV1LBq98A/MUjkKst8ll+KZbMQ3UGaYRr3pqmvVHpA1kqIS8AZ4SzTmpvpspfbXK+O9Vu2Nx3KcFNGXqNowPEG8URedIoPSxkqB1Ctir1Oa4h68s0KYtyqnYY+uA5+KU4GO07GFUwZz3oOMY7kqprKAgJOgSSXgf3ooM= ariadi4689@LAPTOP-9RP6T496\n"
            },
            "metadata_fingerprint": "tReLj45KQjI=",
            "metadata_startup_script": null,
            "min_cpu_platform": "",
            "name": "instance-two",
            "network_interface": [
              {
                "access_config": [
                  {
                    "nat_ip": "",
                    "network_tier": "PREMIUM",
                    "public_ptr_domain_name": ""
                  }
                ],
                "alias_ip_range": [],
                "internal_ipv6_prefix_length": 0,
                "ipv6_access_config": [],
                "ipv6_access_type": "",
                "ipv6_address": "",
                "name": "nic0",
                "network": "https://www.googleapis.com/compute/v1/projects/ariadi-trusted-device/global/networks/default",
                "network_ip": "10.128.0.49",
                "nic_type": "",
                "queue_count": 0,
                "stack_type": "IPV4_ONLY",
                "subnetwork": "https://www.googleapis.com/compute/v1/projects/ariadi-trusted-device/regions/us-central1/subnetworks/default",
                "subnetwork_project": "ariadi-trusted-device"
              }
            ],
            "network_performance_config": [],
            "params": [],
            "project": "ariadi-trusted-device",
            "reservation_affinity": [],
            "resource_policies": [],
            "scheduling": [
              {
                "automatic_restart": true,
                "instance_termination_action": "",
                "local_ssd_recovery_timeout": [],
                "min_node_cpus": 0,
                "node_affinities": [],
                "on_host_maintenance": "MIGRATE",
                "preemptible": false,
                "provisioning_model": "STANDARD"
              }
            ],
            "scratch_disk": [],
            "self_link": "https://www.googleapis.com/compute/v1/projects/ariadi-trusted-device/zones/us-central1-a/instances/instance-two",
            "service_account": [],
            "shielded_instance_config": [
              {
                "enable_integrity_monitoring": true,
                "enable_secure_boot": false,
                "enable_vtpm": true
              }
            ],
            "tags": [
              "http-server"
            ],
            "tags_fingerprint": "FYLDgkTKlA4=",
            "terraform_labels": {},
            "timeouts": null,
            "zone": "us-central1-a"
          },
          "sensitive_attributes": [],
          "private": "eyJlMmJmYjczMC1lY2FhLTExZTYtOGY4OC0zNDM2M2JjN2M0YzAiOnsiY3JlYXRlIjoxMjAwMDAwMDAwMDAwLCJkZWxldGUiOjEyMDAwMDAwMDAwMDAsInVwZGF0ZSI6MTIwMDAwMDAwMDAwMH0sInNjaGVtYV92ZXJzaW9uIjoiNiJ9"
        }
      ]
    }
  ],
  "check_results": null
}
